
Microsoft Visual Studio Solution File, Format Version 12.00
# Visual Studio Version 16
VisualStudioVersion = 16.0.31410.357
MinimumVisualStudioVersion = 10.0.40219.1
Project("{2150E333-8FDC-42A3-9474-1A3956D46DE8}") = "SecondLife", "SecondLife", "{CE3084FA-2179-4D21-86A7-CFAEC0B86E8A}"
EndProject
Project("{9A19103F-16F7-4668-BE54-9A1E7A4F7556}") = "SecondLife.Web", "SecondLife.Web\SecondLife.Web.csproj", "{791E98EC-2B93-40D9-97E3-9D8AEAFF453E}"
EndProject
Project("{FAE04EC0-301F-11D3-BF4B-00C04F79EFBC}") = "SecondLife.Domain", "SecondLife.Domain\SecondLife.Domain.csproj", "{7D13CECA-8314-4195-A4BF-B4D002D0575C}"
EndProject
Project("{FAE04EC0-301F-11D3-BF4B-00C04F79EFBC}") = "SecondLife.Repository", "SecondLife.Repository\SecondLife.Repository.csproj", "{560297DF-B40C-4032-93DC-0886E2261CD3}"
EndProject
Project("{FAE04EC0-301F-11D3-BF4B-00C04F79EFBC}") = "SecondLife.Service", "SecondLife.Service\SecondLife.Service.csproj", "{C8E350F1-4689-40A2-8746-BB33CD9C1576}"
EndProject
Global
	GlobalSection(SolutionConfigurationPlatforms) = preSolution
		Debug|Any CPU = Debug|Any CPU
		Release|Any CPU = Release|Any CPU
	EndGlobalSection
	GlobalSection(ProjectConfigurationPlatforms) = postSolution
		{791E98EC-2B93-40D9-97E3-9D8AEAFF453E}.Debug|Any CPU.ActiveCfg = Debug|Any CPU
		{791E98EC-2B93-40D9-97E3-9D8AEAFF453E}.Debug|Any CPU.Build.0 = Debug|Any CPU
		{791E98EC-2B93-40D9-97E3-9D8AEAFF453E}.Release|Any CPU.ActiveCfg = Release|Any CPU
		{791E98EC-2B93-40D9-97E3-9D8AEAFF453E}.Release|Any CPU.Build.0 = Release|Any CPU
		{7D13CECA-8314-4195-A4BF-B4D002D0575C}.Debug|Any CPU.ActiveCfg = Debug|Any CPU
		{7D13CECA-8314-4195-A4BF-B4D002D0575C}.Debug|Any CPU.Build.0 = Debug|Any CPU
		{7D13CECA-8314-4195-A4BF-B4D002D0575C}.Release|Any CPU.ActiveCfg = Release|Any CPU
		{7D13CECA-8314-4195-A4BF-B4D002D0575C}.Release|Any CPU.Build.0 = Release|Any CPU
		{560297DF-B40C-4032-93DC-0886E2261CD3}.Debug|Any CPU.ActiveCfg = Debug|Any CPU
		{560297DF-B40C-4032-93DC-0886E2261CD3}.Debug|Any CPU.Build.0 = Debug|Any CPU
		{560297DF-B40C-4032-93DC-0886E2261CD3}.Release|Any CPU.ActiveCfg = Release|Any CPU
		{560297DF-B40C-4032-93DC-0886E2261CD3}.Release|Any CPU.Build.0 = Release|Any CPU
		{C8E350F1-4689-40A2-8746-BB33CD9C1576}.Debug|Any CPU.ActiveCfg = Debug|Any CPU
		{C8E350F1-4689-40A2-8746-BB33CD9C1576}.Debug|Any CPU.Build.0 = Debug|Any CPU
		{C8E350F1-4689-40A2-8746-BB33CD9C1576}.Release|Any CPU.ActiveCfg = Release|Any CPU
		{C8E350F1-4689-40A2-8746-BB33CD9C1576}.Release|Any CPU.Build.0 = Release|Any CPU
	EndGlobalSection
	GlobalSection(SolutionProperties) = preSolution
		HideSolutionNode = FALSE
	EndGlobalSection
	GlobalSection(NestedProjects) = preSolution
		{791E98EC-2B93-40D9-97E3-9D8AEAFF453E} = {CE3084FA-2179-4D21-86A7-CFAEC0B86E8A}
		{7D13CECA-8314-4195-A4BF-B4D002D0575C} = {CE3084FA-2179-4D21-86A7-CFAEC0B86E8A}
		{560297DF-B40C-4032-93DC-0886E2261CD3} = {CE3084FA-2179-4D21-86A7-CFAEC0B86E8A}
		{C8E350F1-4689-40A2-8746-BB33CD9C1576} = {CE3084FA-2179-4D21-86A7-CFAEC0B86E8A}
	EndGlobalSection
	GlobalSection(ExtensibilityGlobals) = postSolution
		SolutionGuid = {BD60271E-1891-4C13-BC8F-E596E6995A48}
	EndGlobalSection
EndGlobal
